
Microsoft Visual Studio Solution File, Format Version 12.00
# Visual Studio Version 17
VisualStudioVersion = 17.7.34221.43
MinimumVisualStudioVersion = 10.0.40219.1
Project("{2150E333-8FDC-42A3-9474-1A3956D46DE8}") = "Fontend", "Fontend", "{3253BBA4-EF2A-43F3-97E6-0DF748808AA4}"
EndProject
Project("{2150E333-8FDC-42A3-9474-1A3956D46DE8}") = "Backend", "Backend", "{29DFB0E2-B9C3-4074-9132-1D4B6C5D0CF1}"
EndProject
Project("{2150E333-8FDC-42A3-9474-1A3956D46DE8}") = "Customer", "Customer", "{62C3DD87-2C9F-4B3E-B6AC-69808050FC9E}"
EndProject
Project("{2150E333-8FDC-42A3-9474-1A3956D46DE8}") = "TrustedEntity", "TrustedEntity", "{BEE17383-4DCC-474A-A599-FBBFCE2DB543}"
EndProject
Project("{9A19103F-16F7-4668-BE54-9A1E7A4F7556}") = "SuperDoc.Customer.API", "SuperDoc.Customer.API\SuperDoc.Customer.API.csproj", "{5702E80A-A836-4166-B017-A07B7A5C7B68}"
EndProject
Project("{9A19103F-16F7-4668-BE54-9A1E7A4F7556}") = "SuperDoc.Customer.Services", "SuperDoc.Customer.Services\SuperDoc.Customer.Services.csproj", "{89739D16-0C4F-4C77-82F0-2697EB1E35AD}"
EndProject
Project("{9A19103F-16F7-4668-BE54-9A1E7A4F7556}") = "SuperDoc.Customer.Repositories", "SuperDoc.Customer.Repositories\SuperDoc.Customer.Repositories.csproj", "{9F9BC82C-CFE0-4670-A8DC-81C921F486AF}"
EndProject
Project("{9A19103F-16F7-4668-BE54-9A1E7A4F7556}") = "SuperDoc.Application", "SuperDoc.Application\SuperDoc.Application.csproj", "{745ED06E-2581-4253-A951-ACAA2E42934E}"
EndProject
Project("{FAE04EC0-301F-11D3-BF4B-00C04F79EFBC}") = "SuperDoc.Shared", "SuperDoc.Shared\SuperDoc.Shared.csproj", "{ECAEC09A-D37A-49D3-94A6-B65D96C0FA8C}"
EndProject
Global
	GlobalSection(SolutionConfigurationPlatforms) = preSolution
		Debug|Any CPU = Debug|Any CPU
		Release|Any CPU = Release|Any CPU
	EndGlobalSection
	GlobalSection(ProjectConfigurationPlatforms) = postSolution
		{5702E80A-A836-4166-B017-A07B7A5C7B68}.Debug|Any CPU.ActiveCfg = Debug|Any CPU
		{5702E80A-A836-4166-B017-A07B7A5C7B68}.Debug|Any CPU.Build.0 = Debug|Any CPU
		{5702E80A-A836-4166-B017-A07B7A5C7B68}.Release|Any CPU.ActiveCfg = Release|Any CPU
		{5702E80A-A836-4166-B017-A07B7A5C7B68}.Release|Any CPU.Build.0 = Release|Any CPU
		{89739D16-0C4F-4C77-82F0-2697EB1E35AD}.Debug|Any CPU.ActiveCfg = Debug|Any CPU
		{89739D16-0C4F-4C77-82F0-2697EB1E35AD}.Debug|Any CPU.Build.0 = Debug|Any CPU
		{89739D16-0C4F-4C77-82F0-2697EB1E35AD}.Release|Any CPU.ActiveCfg = Release|Any CPU
		{89739D16-0C4F-4C77-82F0-2697EB1E35AD}.Release|Any CPU.Build.0 = Release|Any CPU
		{9F9BC82C-CFE0-4670-A8DC-81C921F486AF}.Debug|Any CPU.ActiveCfg = Debug|Any CPU
		{9F9BC82C-CFE0-4670-A8DC-81C921F486AF}.Debug|Any CPU.Build.0 = Debug|Any CPU
		{9F9BC82C-CFE0-4670-A8DC-81C921F486AF}.Release|Any CPU.ActiveCfg = Release|Any CPU
		{9F9BC82C-CFE0-4670-A8DC-81C921F486AF}.Release|Any CPU.Build.0 = Release|Any CPU
		{745ED06E-2581-4253-A951-ACAA2E42934E}.Debug|Any CPU.ActiveCfg = Debug|Any CPU
		{745ED06E-2581-4253-A951-ACAA2E42934E}.Debug|Any CPU.Build.0 = Debug|Any CPU
		{745ED06E-2581-4253-A951-ACAA2E42934E}.Debug|Any CPU.Deploy.0 = Debug|Any CPU
		{745ED06E-2581-4253-A951-ACAA2E42934E}.Release|Any CPU.ActiveCfg = Release|Any CPU
		{745ED06E-2581-4253-A951-ACAA2E42934E}.Release|Any CPU.Build.0 = Release|Any CPU
		{745ED06E-2581-4253-A951-ACAA2E42934E}.Release|Any CPU.Deploy.0 = Release|Any CPU
		{ECAEC09A-D37A-49D3-94A6-B65D96C0FA8C}.Debug|Any CPU.ActiveCfg = Debug|Any CPU
		{ECAEC09A-D37A-49D3-94A6-B65D96C0FA8C}.Debug|Any CPU.Build.0 = Debug|Any CPU
		{ECAEC09A-D37A-49D3-94A6-B65D96C0FA8C}.Release|Any CPU.ActiveCfg = Release|Any CPU
		{ECAEC09A-D37A-49D3-94A6-B65D96C0FA8C}.Release|Any CPU.Build.0 = Release|Any CPU
	EndGlobalSection
	GlobalSection(SolutionProperties) = preSolution
		HideSolutionNode = FALSE
	EndGlobalSection
	GlobalSection(NestedProjects) = preSolution
		{62C3DD87-2C9F-4B3E-B6AC-69808050FC9E} = {29DFB0E2-B9C3-4074-9132-1D4B6C5D0CF1}
		{BEE17383-4DCC-474A-A599-FBBFCE2DB543} = {29DFB0E2-B9C3-4074-9132-1D4B6C5D0CF1}
		{5702E80A-A836-4166-B017-A07B7A5C7B68} = {62C3DD87-2C9F-4B3E-B6AC-69808050FC9E}
		{89739D16-0C4F-4C77-82F0-2697EB1E35AD} = {62C3DD87-2C9F-4B3E-B6AC-69808050FC9E}
		{9F9BC82C-CFE0-4670-A8DC-81C921F486AF} = {62C3DD87-2C9F-4B3E-B6AC-69808050FC9E}
		{745ED06E-2581-4253-A951-ACAA2E42934E} = {3253BBA4-EF2A-43F3-97E6-0DF748808AA4}
	EndGlobalSection
	GlobalSection(ExtensibilityGlobals) = postSolution
		SolutionGuid = {F37F55C9-DBE5-4F46-B9E7-4C197C09CFA5}
	EndGlobalSection
EndGlobal
